// !$*UTF8*$!
{
	archiveVersion = 1;
	classes = {
	};
	objectVersion = 46;
	objects = {

/* Begin PBXBuildFile section */
		AC6C4CC31BADBC6D007BF5B8 /* AppDelegate.swift in Sources */ = {isa = PBXBuildFile; fileRef = AC6C4CC21BADBC6D007BF5B8 /* AppDelegate.swift */; };
		AC6C4CC51BADBC6D007BF5B8 /* ViewController.swift in Sources */ = {isa = PBXBuildFile; fileRef = AC6C4CC41BADBC6D007BF5B8 /* ViewController.swift */; };
		AC6C4CC81BADBC6D007BF5B8 /* Main.storyboard in Resources */ = {isa = PBXBuildFile; fileRef = AC6C4CC61BADBC6D007BF5B8 /* Main.storyboard */; };
		AC6C4CCB1BADBC6D007BF5B8 /* mergeTREE.xcdatamodeld in Sources */ = {isa = PBXBuildFile; fileRef = AC6C4CC91BADBC6D007BF5B8 /* mergeTREE.xcdatamodeld */; };
		AC6C4CCD1BADBC6D007BF5B8 /* Assets.xcassets in Resources */ = {isa = PBXBuildFile; fileRef = AC6C4CCC1BADBC6D007BF5B8 /* Assets.xcassets */; };
		AC6C4CD01BADBC6D007BF5B8 /* LaunchScreen.storyboard in Resources */ = {isa = PBXBuildFile; fileRef = AC6C4CCE1BADBC6D007BF5B8 /* LaunchScreen.storyboard */; };
		AC6C4CDB1BADBC6D007BF5B8 /* mergeTREETests.swift in Sources */ = {isa = PBXBuildFile; fileRef = AC6C4CDA1BADBC6D007BF5B8 /* mergeTREETests.swift */; };
		AC6C4CE61BADBC6D007BF5B8 /* mergeTREEUITests.swift in Sources */ = {isa = PBXBuildFile; fileRef = AC6C4CE51BADBC6D007BF5B8 /* mergeTREEUITests.swift */; };
/* End PBXBuildFile section */

/* Begin PBXContainerItemProxy section */
		AC6C4CD71BADBC6D007BF5B8 /* PBXContainerItemProxy */ = {
			isa = PBXContainerItemProxy;
			containerPortal = AC6C4CB71BADBC6D007BF5B8 /* Project object */;
			proxyType = 1;
			remoteGlobalIDString = AC6C4CBE1BADBC6D007BF5B8;
			remoteInfo = mergeTREE;
		};
		AC6C4CE21BADBC6D007BF5B8 /* PBXContainerItemProxy */ = {
			isa = PBXContainerItemProxy;
			containerPortal = AC6C4CB71BADBC6D007BF5B8 /* Project object */;
			proxyType = 1;
			remoteGlobalIDString = AC6C4CBE1BADBC6D007BF5B8;
			remoteInfo = mergeTREE;
		};
/* End PBXContainerItemProxy section */

/* Begin PBXFileReference section */
		AC6C4CBF1BADBC6D007BF5B8 /* mergeTREE.app */ = {isa = PBXFileReference; explicitFileType = wrapper.application; includeInIndex = 0; path = mergeTREE.app; sourceTree = BUILT_PRODUCTS_DIR; };
		AC6C4CC21BADBC6D007BF5B8 /* AppDelegate.swift */ = {isa = PBXFileReference; lastKnownFileType = sourcecode.swift; path = AppDelegate.swift; sourceTree = "<group>"; };
		AC6C4CC41BADBC6D007BF5B8 /* ViewController.swift */ = {isa = PBXFileReference; lastKnownFileType = sourcecode.swift; path = ViewController.swift; sourceTree = "<group>"; };
		AC6C4CC71BADBC6D007BF5B8 /* Base */ = {isa = PBXFileReference; lastKnownFileType = file.storyboard; name = Base; path = Base.lproj/Main.storyboard; sourceTree = "<group>"; };
		AC6C4CCA1BADBC6D007BF5B8 /* mergeTREE.xcdatamodel */ = {isa = PBXFileReference; lastKnownFileType = wrapper.xcdatamodel; path = mergeTREE.xcdatamodel; sourceTree = "<group>"; };
		AC6C4CCC1BADBC6D007BF5B8 /* Assets.xcassets */ = {isa = PBXFileReference; lastKnownFileType = folder.assetcatalog; path = Assets.xcassets; sourceTree = "<group>"; };
		AC6C4CCF1BADBC6D007BF5B8 /* Base */ = {isa = PBXFileReference; lastKnownFileType = file.storyboard; name = Base; path = Base.lproj/LaunchScreen.storyboard; sourceTree = "<group>"; };
		AC6C4CD11BADBC6D007BF5B8 /* Info.plist */ = {isa = PBXFileReference; lastKnownFileType = text.plist.xml; path = Info.plist; sourceTree = "<group>"; };
		AC6C4CD61BADBC6D007BF5B8 /* mergeTREETests.xctest */ = {isa = PBXFileReference; explicitFileType = wrapper.cfbundle; includeInIndex = 0; path = mergeTREETests.xctest; sourceTree = BUILT_PRODUCTS_DIR; };
		AC6C4CDA1BADBC6D007BF5B8 /* mergeTREETests.swift */ = {isa = PBXFileReference; lastKnownFileType = sourcecode.swift; path = mergeTREETests.swift; sourceTree = "<group>"; };
		AC6C4CDC1BADBC6D007BF5B8 /* Info.plist */ = {isa = PBXFileReference; lastKnownFileType = text.plist.xml; path = Info.plist; sourceTree = "<group>"; };
		AC6C4CE11BADBC6D007BF5B8 /* mergeTREEUITests.xctest */ = {isa = PBXFileReference; explicitFileType = wrapper.cfbundle; includeInIndex = 0; path = mergeTREEUITests.xctest; sourceTree = BUILT_PRODUCTS_DIR; };
		AC6C4CE51BADBC6D007BF5B8 /* mergeTREEUITests.swift */ = {isa = PBXFileReference; lastKnownFileType = sourcecode.swift; path = mergeTREEUITests.swift; sourceTree = "<group>"; };
		AC6C4CE71BADBC6D007BF5B8 /* Info.plist */ = {isa = PBXFileReference; lastKnownFileType = text.plist.xml; path = Info.plist; sourceTree = "<group>"; };
/* End PBXFileReference section */

/* Begin PBXFrameworksBuildPhase section */
		AC6C4CBC1BADBC6D007BF5B8 /* Frameworks */ = {
			isa = PBXFrameworksBuildPhase;
			buildActionMask = 2147483647;
			files = (
			);
			runOnlyForDeploymentPostprocessing = 0;
		};
		AC6C4CD31BADBC6D007BF5B8 /* Frameworks */ = {
			isa = PBXFrameworksBuildPhase;
			buildActionMask = 2147483647;
			files = (
			);
			runOnlyForDeploymentPostprocessing = 0;
		};
		AC6C4CDE1BADBC6D007BF5B8 /* Frameworks */ = {
			isa = PBXFrameworksBuildPhase;
			buildActionMask = 2147483647;
			files = (
			);
			runOnlyForDeploymentPostprocessing = 0;
		};
/* End PBXFrameworksBuildPhase section */

/* Begin PBXGroup section */
		AC6C4CB61BADBC6D007BF5B8 = {
			isa = PBXGroup;
			children = (
				AC6C4CC11BADBC6D007BF5B8 /* mergeTREE */,
				AC6C4CD91BADBC6D007BF5B8 /* mergeTREETests */,
				AC6C4CE41BADBC6D007BF5B8 /* mergeTREEUITests */,
				AC6C4CC01BADBC6D007BF5B8 /* Products */,
			);
			sourceTree = "<group>";
		};
		AC6C4CC01BADBC6D007BF5B8 /* Products */ = {
			isa = PBXGroup;
			children = (
				AC6C4CBF1BADBC6D007BF5B8 /* mergeTREE.app */,
				AC6C4CD61BADBC6D007BF5B8 /* mergeTREETests.xctest */,
				AC6C4CE11BADBC6D007BF5B8 /* mergeTREEUITests.xctest */,
			);
			name = Products;
			sourceTree = "<group>";
		};
		AC6C4CC11BADBC6D007BF5B8 /* mergeTREE */ = {
			isa = PBXGroup;
			children = (
				AC6C4CC21BADBC6D007BF5B8 /* AppDelegate.swift */,
				AC6C4CC41BADBC6D007BF5B8 /* ViewController.swift */,
				AC6C4CC61BADBC6D007BF5B8 /* Main.storyboard */,
				AC6C4CCC1BADBC6D007BF5B8 /* Assets.xcassets */,
				AC6C4CCE1BADBC6D007BF5B8 /* LaunchScreen.storyboard */,
				AC6C4CD11BADBC6D007BF5B8 /* Info.plist */,
				AC6C4CC91BADBC6D007BF5B8 /* mergeTREE.xcdatamodeld */,
			);
			path = mergeTREE;
			sourceTree = "<group>";
		};
		AC6C4CD91BADBC6D007BF5B8 /* mergeTREETests */ = {
			isa = PBXGroup;
			children = (
				AC6C4CDA1BADBC6D007BF5B8 /* mergeTREETests.swift */,
				AC6C4CDC1BADBC6D007BF5B8 /* Info.plist */,
			);
			path = mergeTREETests;
			sourceTree = "<group>";
		};
		AC6C4CE41BADBC6D007BF5B8 /* mergeTREEUITests */ = {
			isa = PBXGroup;
			children = (
				AC6C4CE51BADBC6D007BF5B8 /* mergeTREEUITests.swift */,
				AC6C4CE71BADBC6D007BF5B8 /* Info.plist */,
			);
			path = mergeTREEUITests;
			sourceTree = "<group>";
		};
/* End PBXGroup section */

/* Begin PBXNativeTarget section */
		AC6C4CBE1BADBC6D007BF5B8 /* mergeTREE */ = {
			isa = PBXNativeTarget;
			buildConfigurationList = AC6C4CEA1BADBC6D007BF5B8 /* Build configuration list for PBXNativeTarget "mergeTREE" */;
			buildPhases = (
				AC6C4CBB1BADBC6D007BF5B8 /* Sources */,
				AC6C4CBC1BADBC6D007BF5B8 /* Frameworks */,
				AC6C4CBD1BADBC6D007BF5B8 /* Resources */,
			);
			buildRules = (
			);
			dependencies = (
			);
			name = mergeTREE;
			productName = mergeTREE;
			productReference = AC6C4CBF1BADBC6D007BF5B8 /* mergeTREE.app */;
			productType = "com.apple.product-type.application";
		};
		AC6C4CD51BADBC6D007BF5B8 /* mergeTREETests */ = {
			isa = PBXNativeTarget;
			buildConfigurationList = AC6C4CED1BADBC6D007BF5B8 /* Build configuration list for PBXNativeTarget "mergeTREETests" */;
			buildPhases = (
				AC6C4CD21BADBC6D007BF5B8 /* Sources */,
				AC6C4CD31BADBC6D007BF5B8 /* Frameworks */,
				AC6C4CD41BADBC6D007BF5B8 /* Resources */,
			);
			buildRules = (
			);
			dependencies = (
				AC6C4CD81BADBC6D007BF5B8 /* PBXTargetDependency */,
			);
			name = mergeTREETests;
			productName = mergeTREETests;
			productReference = AC6C4CD61BADBC6D007BF5B8 /* mergeTREETests.xctest */;
			productType = "com.apple.product-type.bundle.unit-test";
		};
		AC6C4CE01BADBC6D007BF5B8 /* mergeTREEUITests */ = {
			isa = PBXNativeTarget;
			buildConfigurationList = AC6C4CF01BADBC6D007BF5B8 /* Build configuration list for PBXNativeTarget "mergeTREEUITests" */;
			buildPhases = (
				AC6C4CDD1BADBC6D007BF5B8 /* Sources */,
				AC6C4CDE1BADBC6D007BF5B8 /* Frameworks */,
				AC6C4CDF1BADBC6D007BF5B8 /* Resources */,
			);
			buildRules = (
			);
			dependencies = (
				AC6C4CE31BADBC6D007BF5B8 /* PBXTargetDependency */,
			);
			name = mergeTREEUITests;
			productName = mergeTREEUITests;
			productReference = AC6C4CE11BADBC6D007BF5B8 /* mergeTREEUITests.xctest */;
			productType = "com.apple.product-type.bundle.ui-testing";
		};
/* End PBXNativeTarget section */

/* Begin PBXProject section */
		AC6C4CB71BADBC6D007BF5B8 /* Project object */ = {
			isa = PBXProject;
			attributes = {
				LastUpgradeCheck = 0700;
				ORGANIZATIONNAME = "陳冠宇";
				TargetAttributes = {
					AC6C4CBE1BADBC6D007BF5B8 = {
						CreatedOnToolsVersion = 7.0;
					};
					AC6C4CD51BADBC6D007BF5B8 = {
						CreatedOnToolsVersion = 7.0;
						TestTargetID = AC6C4CBE1BADBC6D007BF5B8;
					};
					AC6C4CE01BADBC6D007BF5B8 = {
						CreatedOnToolsVersion = 7.0;
						TestTargetID = AC6C4CBE1BADBC6D007BF5B8;
					};
				};
			};
			buildConfigurationList = AC6C4CBA1BADBC6D007BF5B8 /* Build configuration list for PBXProject "mergeTREE" */;
			compatibilityVersion = "Xcode 3.2";
			developmentRegion = English;
			hasScannedForEncodings = 0;
			knownRegions = (
				en,
				Base,
			);
			mainGroup = AC6C4CB61BADBC6D007BF5B8;
			productRefGroup = AC6C4CC01BADBC6D007BF5B8 /* Products */;
			projectDirPath = "";
			projectRoot = "";
			targets = (
				AC6C4CBE1BADBC6D007BF5B8 /* mergeTREE */,
				AC6C4CD51BADBC6D007BF5B8 /* mergeTREETests */,
				AC6C4CE01BADBC6D007BF5B8 /* mergeTREEUITests */,
			);
		};
/* End PBXProject section */

/* Begin PBXResourcesBuildPhase section */
		AC6C4CBD1BADBC6D007BF5B8 /* Resources */ = {
			isa = PBXResourcesBuildPhase;
			buildActionMask = 2147483647;
			files = (
				AC6C4CD01BADBC6D007BF5B8 /* LaunchScreen.storyboard in Resources */,
				AC6C4CCD1BADBC6D007BF5B8 /* Assets.xcassets in Resources */,
				AC6C4CC81BADBC6D007BF5B8 /* Main.storyboard in Resources */,
			);
			runOnlyForDeploymentPostprocessing = 0;
		};
		AC6C4CD41BADBC6D007BF5B8 /* Resources */ = {
			isa = PBXResourcesBuildPhase;
			buildActionMask = 2147483647;
			files = (
			);
			runOnlyForDeploymentPostprocessing = 0;
		};
		AC6C4CDF1BADBC6D007BF5B8 /* Resources */ = {
			isa = PBXResourcesBuildPhase;
			buildActionMask = 2147483647;
			files = (
			);
			runOnlyForDeploymentPostprocessing = 0;
		};
/* End PBXResourcesBuildPhase section */

/* Begin PBXSourcesBuildPhase section */
		AC6C4CBB1BADBC6D007BF5B8 /* Sources */ = {
			isa = PBXSourcesBuildPhase;
			buildActionMask = 2147483647;
			files = (
				AC6C4CCB1BADBC6D007BF5B8 /* mergeTREE.xcdatamodeld in Sources */,
				AC6C4CC51BADBC6D007BF5B8 /* ViewController.swift in Sources */,
				AC6C4CC31BADBC6D007BF5B8 /* AppDelegate.swift in Sources */,
			);
			runOnlyForDeploymentPostprocessing = 0;
		};
		AC6C4CD21BADBC6D007BF5B8 /* Sources */ = {
			isa = PBXSourcesBuildPhase;
			buildActionMask = 2147483647;
			files = (
				AC6C4CDB1BADBC6D007BF5B8 /* mergeTREETests.swift in Sources */,
			);
			runOnlyForDeploymentPostprocessing = 0;
		};
		AC6C4CDD1BADBC6D007BF5B8 /* Sources */ = {
			isa = PBXSourcesBuildPhase;
			buildActionMask = 2147483647;
			files = (
				AC6C4CE61BADBC6D007BF5B8 /* mergeTREEUITests.swift in Sources */,
			);
			runOnlyForDeploymentPostprocessing = 0;
		};
/* End PBXSourcesBuildPhase section */

/* Begin PBXTargetDependency section */
		AC6C4CD81BADBC6D007BF5B8 /* PBXTargetDependency */ = {
			isa = PBXTargetDependency;
			target = AC6C4CBE1BADBC6D007BF5B8 /* mergeTREE */;
			targetProxy = AC6C4CD71BADBC6D007BF5B8 /* PBXContainerItemProxy */;
		};
		AC6C4CE31BADBC6D007BF5B8 /* PBXTargetDependency */ = {
			isa = PBXTargetDependency;
			target = AC6C4CBE1BADBC6D007BF5B8 /* mergeTREE */;
			targetProxy = AC6C4CE21BADBC6D007BF5B8 /* PBXContainerItemProxy */;
		};
/* End PBXTargetDependency section */

/* Begin PBXVariantGroup section */
		AC6C4CC61BADBC6D007BF5B8 /* Main.storyboard */ = {
			isa = PBXVariantGroup;
			children = (
				AC6C4CC71BADBC6D007BF5B8 /* Base */,
			);
			name = Main.storyboard;
			sourceTree = "<group>";
		};
		AC6C4CCE1BADBC6D007BF5B8 /* LaunchScreen.storyboard */ = {
			isa = PBXVariantGroup;
			children = (
				AC6C4CCF1BADBC6D007BF5B8 /* Base */,
			);
			name = LaunchScreen.storyboard;
			sourceTree = "<group>";
		};
/* End PBXVariantGroup section */

/* Begin XCBuildConfiguration section */
		AC6C4CE81BADBC6D007BF5B8 /* Debug */ = {
			isa = XCBuildConfiguration;
			buildSettings = {
				ALWAYS_SEARCH_USER_PATHS = NO;
				CLANG_CXX_LANGUAGE_STANDARD = "gnu++0x";
				CLANG_CXX_LIBRARY = "libc++";
				CLANG_ENABLE_MODULES = YES;
				CLANG_ENABLE_OBJC_ARC = YES;
				CLANG_WARN_BOOL_CONVERSION = YES;
				CLANG_WARN_CONSTANT_CONVERSION = YES;
				CLANG_WARN_DIRECT_OBJC_ISA_USAGE = YES_ERROR;
				CLANG_WARN_EMPTY_BODY = YES;
				CLANG_WARN_ENUM_CONVERSION = YES;
				CLANG_WARN_INT_CONVERSION = YES;
				CLANG_WARN_OBJC_ROOT_CLASS = YES_ERROR;
				CLANG_WARN_UNREACHABLE_CODE = YES;
				CLANG_WARN__DUPLICATE_METHOD_MATCH = YES;
				"CODE_SIGN_IDENTITY[sdk=iphoneos*]" = "iPhone Developer";
				COPY_PHASE_STRIP = NO;
				DEBUG_INFORMATION_FORMAT = dwarf;
				ENABLE_STRICT_OBJC_MSGSEND = YES;
				ENABLE_TESTABILITY = YES;
				GCC_C_LANGUAGE_STANDARD = gnu99;
				GCC_DYNAMIC_NO_PIC = NO;
				GCC_NO_COMMON_BLOCKS = YES;
				GCC_OPTIMIZATION_LEVEL = 0;
				GCC_PREPROCESSOR_DEFINITIONS = (
					"DEBUG=1",
					"$(inherited)",
				);
				GCC_WARN_64_TO_32_BIT_CONVERSION = YES;
				GCC_WARN_ABOUT_RETURN_TYPE = YES_ERROR;
				GCC_WARN_UNDECLARED_SELECTOR = YES;
				GCC_WARN_UNINITIALIZED_AUTOS = YES_AGGRESSIVE;
				GCC_WARN_UNUSED_FUNCTION = YES;
				GCC_WARN_UNUSED_VARIABLE = YES;
				IPHONEOS_DEPLOYMENT_TARGET = 9.0;
				MTL_ENABLE_DEBUG_INFO = YES;
				ONLY_ACTIVE_ARCH = YES;
				SDKROOT = iphoneos;
				SWIFT_OPTIMIZATION_LEVEL = "-Onone";
				TARGETED_DEVICE_FAMILY = "1,2";
			};
			name = Debug;
		};
		AC6C4CE91BADBC6D007BF5B8 /* Release */ = {
			isa = XCBuildConfiguration;
			buildSettings = {
				ALWAYS_SEARCH_USER_PATHS = NO;
				CLANG_CXX_LANGUAGE_STANDARD = "gnu++0x";
				CLANG_CXX_LIBRARY = "libc++";
				CLANG_ENABLE_MODULES = YES;
				CLANG_ENABLE_OBJC_ARC = YES;
				CLANG_WARN_BOOL_CONVERSION = YES;
				CLANG_WARN_CONSTANT_CONVERSION = YES;
				CLANG_WARN_DIRECT_OBJC_ISA_USAGE = YES_ERROR;
				CLANG_WARN_EMPTY_BODY = YES;
				CLANG_WARN_ENUM_CONVERSION = YES;
				CLANG_WARN_INT_CONVERSION = YES;
				CLANG_WARN_OBJC_ROOT_CLASS = YES_ERROR;
				CLANG_WARN_UNREACHABLE_CODE = YES;
				CLANG_WARN__DUPLICATE_METHOD_MATCH = YES;
				"CODE_SIGN_IDENTITY[sdk=iphoneos*]" = "iPhone Developer";
				COPY_PHASE_STRIP = NO;
				DEBUG_INFORMATION_FORMAT = "dwarf-with-dsym";
				ENABLE_NS_ASSERTIONS = NO;
				ENABLE_STRICT_OBJC_MSGSEND = YES;
				GCC_C_LANGUAGE_STANDARD = gnu99;
				GCC_NO_COMMON_BLOCKS = YES;
				GCC_WARN_64_TO_32_BIT_CONVERSION = YES;
				GCC_WARN_ABOUT_RETURN_TYPE = YES_ERROR;
				GCC_WARN_UNDECLARED_SELECTOR = YES;
				GCC_WARN_UNINITIALIZED_AUTOS = YES_AGGRESSIVE;
				GCC_WARN_UNUSED_FUNCTION = YES;
				GCC_WARN_UNUSED_VARIABLE = YES;
				IPHONEOS_DEPLOYMENT_TARGET = 9.0;
				MTL_ENABLE_DEBUG_INFO = NO;
				SDKROOT = iphoneos;
				TARGETED_DEVICE_FAMILY = "1,2";
				VALIDATE_PRODUCT = YES;
			};
			name = Release;
		};
		AC6C4CEB1BADBC6D007BF5B8 /* Debug */ = {
			isa = XCBuildConfiguration;
			buildSettings = {
				ASSETCATALOG_COMPILER_APPICON_NAME = AppIcon;
				INFOPLIST_FILE = mergeTREE/Info.plist;
				LD_RUNPATH_SEARCH_PATHS = "$(inherited) @executable_path/Frameworks";
				PRODUCT_BUNDLE_IDENTIFIER = Morpheus.mergeTREE;
				PRODUCT_NAME = "$(TARGET_NAME)";
			};
			name = Debug;
		};
		AC6C4CEC1BADBC6D007BF5B8 /* Release */ = {
			isa = XCBuildConfiguration;
			buildSettings = {
				ASSETCATALOG_COMPILER_APPICON_NAME = AppIcon;
				INFOPLIST_FILE = mergeTREE/Info.plist;
				LD_RUNPATH_SEARCH_PATHS = "$(inherited) @executable_path/Frameworks";
				PRODUCT_BUNDLE_IDENTIFIER = Morpheus.mergeTREE;
				PRODUCT_NAME = "$(TARGET_NAME)";
			};
			name = Release;
		};
		AC6C4CEE1BADBC6D007BF5B8 /* Debug */ = {
			isa = XCBuildConfiguration;
			buildSettings = {
				BUNDLE_LOADER = "$(TEST_HOST)";
				INFOPLIST_FILE = mergeTREETests/Info.plist;
				LD_RUNPATH_SEARCH_PATHS = "$(inherited) @executable_path/Frameworks @loader_path/Frameworks";
				PRODUCT_BUNDLE_IDENTIFIER = Morpheus.mergeTREETests;
				PRODUCT_NAME = "$(TARGET_NAME)";
				TEST_HOST = "$(BUILT_PRODUCTS_DIR)/mergeTREE.app/mergeTREE";
			};
			name = Debug;
		};
		AC6C4CEF1BADBC6D007BF5B8 /* Release */ = {
			isa = XCBuildConfiguration;
			buildSettings = {
				BUNDLE_LOADER = "$(TEST_HOST)";
				INFOPLIST_FILE = mergeTREETests/Info.plist;
				LD_RUNPATH_SEARCH_PATHS = "$(inherited) @executable_path/Frameworks @loader_path/Frameworks";
				PRODUCT_BUNDLE_IDENTIFIER = Morpheus.mergeTREETests;
				PRODUCT_NAME = "$(TARGET_NAME)";
				TEST_HOST = "$(BUILT_PRODUCTS_DIR)/mergeTREE.app/mergeTREE";
			};
			name = Release;
		};
		AC6C4CF11BADBC6D007BF5B8 /* Debug */ = {
			isa = XCBuildConfiguration;
			buildSettings = {
				INFOPLIST_FILE = mergeTREEUITests/Info.plist;
				LD_RUNPATH_SEARCH_PATHS = "$(inherited) @executable_path/Frameworks @loader_path/Frameworks";
				PRODUCT_BUNDLE_IDENTIFIER = Morpheus.mergeTREEUITests;
				PRODUCT_NAME = "$(TARGET_NAME)";
				TEST_TARGET_NAME = mergeTREE;
				USES_XCTRUNNER = YES;
			};
			name = Debug;
		};
		AC6C4CF21BADBC6D007BF5B8 /* Release */ = {
			isa = XCBuildConfiguration;
			buildSettings = {
				INFOPLIST_FILE = mergeTREEUITests/Info.plist;
				LD_RUNPATH_SEARCH_PATHS = "$(inherited) @executable_path/Frameworks @loader_path/Frameworks";
				PRODUCT_BUNDLE_IDENTIFIER = Morpheus.mergeTREEUITests;
				PRODUCT_NAME = "$(TARGET_NAME)";
				TEST_TARGET_NAME = mergeTREE;
				USES_XCTRUNNER = YES;
			};
			name = Release;
		};
/* End XCBuildConfiguration section */

/* Begin XCConfigurationList section */
		AC6C4CBA1BADBC6D007BF5B8 /* Build configuration list for PBXProject "mergeTREE" */ = {
			isa = XCConfigurationList;
			buildConfigurations = (
				AC6C4CE81BADBC6D007BF5B8 /* Debug */,
				AC6C4CE91BADBC6D007BF5B8 /* Release */,
			);
			defaultConfigurationIsVisible = 0;
			defaultConfigurationName = Release;
		};
		AC6C4CEA1BADBC6D007BF5B8 /* Build configuration list for PBXNativeTarget "mergeTREE" */ = {
			isa = XCConfigurationList;
			buildConfigurations = (
				AC6C4CEB1BADBC6D007BF5B8 /* Debug */,
				AC6C4CEC1BADBC6D007BF5B8 /* Release */,
			);
			defaultConfigurationIsVisible = 0;
		};
		AC6C4CED1BADBC6D007BF5B8 /* Build configuration list for PBXNativeTarget "mergeTREETests" */ = {
			isa = XCConfigurationList;
			buildConfigurations = (
				AC6C4CEE1BADBC6D007BF5B8 /* Debug */,
				AC6C4CEF1BADBC6D007BF5B8 /* Release */,
			);
			defaultConfigurationIsVisible = 0;
		};
		AC6C4CF01BADBC6D007BF5B8 /* Build configuration list for PBXNativeTarget "mergeTREEUITests" */ = {
			isa = XCConfigurationList;
			buildConfigurations = (
				AC6C4CF11BADBC6D007BF5B8 /* Debug */,
				AC6C4CF21BADBC6D007BF5B8 /* Release */,
			);
			defaultConfigurationIsVisible = 0;
		};
/* End XCConfigurationList section */

/* Begin XCVersionGroup section */
		AC6C4CC91BADBC6D007BF5B8 /* mergeTREE.xcdatamodeld */ = {
			isa = XCVersionGroup;
			children = (
				AC6C4CCA1BADBC6D007BF5B8 /* mergeTREE.xcdatamodel */,
			);
			currentVersion = AC6C4CCA1BADBC6D007BF5B8 /* mergeTREE.xcdatamodel */;
			path = mergeTREE.xcdatamodeld;
			sourceTree = "<group>";
			versionGroupType = wrapper.xcdatamodel;
		};
/* End XCVersionGroup section */
	};
	rootObject = AC6C4CB71BADBC6D007BF5B8 /* Project object */;
}
